github.com/go-gl/glfw v0.0.0-20220320163800-277f93cfa958 h1:aQjQrLKagKRNl/GGy16WNwsiYAVs2Kfwvg5pq07O7Ns=
github.com/go-gl/glfw v0.0.0-20220320163800-277f93cfa958/go.mod h1:vR7hzQXu2zJy9AVAgeJqvqgH9Q5CA+iKCZ2gyEVpxRU=
github.com/go-gl/glfw/v3.3/glfw v0.0.0-20220320163800-277f93cfa958 h1:TL70PMkdPCt9cRhKTqsm+giRpgrd0IGEj763nNr2VFY=
github.com/go-gl/glfw/v3.3/glfw v0.0.0-20220320163800-277f93cfa958/go.mod h1:tQ2UAYgL5IevRw8kRxooKSPJfGvJ9fJQFa0TUsXzTg8=
github.com/vulkan-go/asche v0.0.0-20190912134304-d4b318b67e07 h1:QIXP1nx5b+YZt1cKDP5SR/89tRXrLxWslBBFBvH/+Y0=
github.com/vulkan-go/asche v0.0.0-20190912134304-d4b318b67e07/go.mod h1:fIbNY6YffQRtdF22h26OXRprI/BGOWPKlxJWtNC78OA=
github.com/vulkan-go/glfw v0.0.0-20210402172934-58379a80228d h1:ATkYUewjackCJzqJMjknP3Swp9aNj18A8P/eqSW19qQ=
github.com/vulkan-go/glfw v0.0.0-20210402172934-58379a80228d/go.mod h1:ZV+uQh1Pj/hAEWFAdC0ezZ8ws/ZSwroFi92meX6wwws=
github.com/vulkan-go/vulkan v0.0.0-20210402152248-956e3850d8f9 h1:WFujQpkMAAd8dqccEm10n8dly4yQ/R5d2+Us7GutowA=
github.com/vulkan-go/vulkan v0.0.0-20210402152248-956e3850d8f9/go.mod h1:Y5Ti1uUBdKDsb0W8aPtIo9krs+29Y7p6Bc9yyy4AM6g=
github.com/xlab/closer v0.0.0-20190328110542-03326addb7c2 h1:LPYwXwwHigHHFX3SFa9W9zBIa5reyaLJos2e95eHh68=
github.com/xlab/closer v0.0.0-20190328110542-03326addb7c2/go.mod h1:Y8IYP9aVODN3Vnw1FCqygCG5IWyYBeBlZqQ5aX+fHFw=
github.com/xlab/linmath v0.0.0-20170502193301-512668b827be h1:J/lWrXhpS1n3HRy18iqZnIhQqGSrvKnXQpVRNG5rKqM=
github.com/xlab/linmath v0.0.0-20170502193301-512668b827be/go.mod h1:fgIYDv0Jdzzt+7Us/LdHhBL5N7xqDoj7Jgyf9da1mH4=
